// !$*UTF8*$!
{
	archiveVersion = 1;
	classes = {
	};
	objectVersion = 56;
	objects = {

/* Begin PBXBuildFile section */
		CBBC09B82BBF4ABB008B9D5B /* Color.swift in Sources */ = {isa = PBXBuildFile; fileRef = CBBC09A12BBF4ABB008B9D5B /* Color.swift */; };
		CBBC09B92BBF4ABB008B9D5B /* Text.swift in Sources */ = {isa = PBXBuildFile; fileRef = CBBC09A22BBF4ABB008B9D5B /* Text.swift */; };
		CBBC09BA2BBF4ABB008B9D5B /* ColorRepository.swift in Sources */ = {isa = PBXBuildFile; fileRef = CBBC09A42BBF4ABB008B9D5B /* ColorRepository.swift */; };
		CBBC09BB2BBF4ABB008B9D5B /* ColorStyle.swift in Sources */ = {isa = PBXBuildFile; fileRef = CBBC09A62BBF4ABB008B9D5B /* ColorStyle.swift */; };
		CBBC09BC2BBF4ABB008B9D5B /* Style.swift in Sources */ = {isa = PBXBuildFile; fileRef = CBBC09A72BBF4ABB008B9D5B /* Style.swift */; };
		CBBC09BD2BBF4ABB008B9D5B /* Preview Assets.xcassets in Resources */ = {isa = PBXBuildFile; fileRef = CBBC09A92BBF4ABB008B9D5B /* Preview Assets.xcassets */; };
		CBBC09BE2BBF4ABB008B9D5B /* ColorService.swift in Sources */ = {isa = PBXBuildFile; fileRef = CBBC09AB2BBF4ABB008B9D5B /* ColorService.swift */; };
		CBBC09BF2BBF4ABB008B9D5B /* PalleteCellView.swift in Sources */ = {isa = PBXBuildFile; fileRef = CBBC09AD2BBF4ABB008B9D5B /* PalleteCellView.swift */; };
		CBBC09C02BBF4ABB008B9D5B /* PalleteView.swift in Sources */ = {isa = PBXBuildFile; fileRef = CBBC09AE2BBF4ABB008B9D5B /* PalleteView.swift */; };
		CBBC09C12BBF4ABB008B9D5B /* ColorView.swift in Sources */ = {isa = PBXBuildFile; fileRef = CBBC09B02BBF4ABB008B9D5B /* ColorView.swift */; };
		CBBC09C22BBF4ABB008B9D5B /* HomeView.swift in Sources */ = {isa = PBXBuildFile; fileRef = CBBC09B12BBF4ABB008B9D5B /* HomeView.swift */; };
		CBBC09C32BBF4ABB008B9D5B /* HomeViewModel.swift in Sources */ = {isa = PBXBuildFile; fileRef = CBBC09B32BBF4ABB008B9D5B /* HomeViewModel.swift */; };
		CBBC09C42BBF4ABB008B9D5B /* Assets.xcassets in Resources */ = {isa = PBXBuildFile; fileRef = CBBC09B52BBF4ABB008B9D5B /* Assets.xcassets */; };
		CBBC09C52BBF4ABB008B9D5B /* Color_ClocksApp.swift in Sources */ = {isa = PBXBuildFile; fileRef = CBBC09B62BBF4ABB008B9D5B /* Color_ClocksApp.swift */; };
/* End PBXBuildFile section */

/* Begin PBXContainerItemProxy section */
		CB4288992BB58D340012E29B /* PBXContainerItemProxy */ = {
			isa = PBXContainerItemProxy;
			containerPortal = CB4288802BB58D300012E29B /* Project object */;
			proxyType = 1;
			remoteGlobalIDString = CB4288872BB58D300012E29B;
			remoteInfo = "Color Clocks";
		};
		CB4288A32BB58D340012E29B /* PBXContainerItemProxy */ = {
			isa = PBXContainerItemProxy;
			containerPortal = CB4288802BB58D300012E29B /* Project object */;
			proxyType = 1;
			remoteGlobalIDString = CB4288872BB58D300012E29B;
			remoteInfo = "Color Clocks";
		};
/* End PBXContainerItemProxy section */

/* Begin PBXFileReference section */
		CB4288882BB58D300012E29B /* hellocolor.app */ = {isa = PBXFileReference; explicitFileType = wrapper.application; includeInIndex = 0; path = hellocolor.app; sourceTree = BUILT_PRODUCTS_DIR; };
		CB4288982BB58D340012E29B /* hellocolorTests.xctest */ = {isa = PBXFileReference; explicitFileType = wrapper.cfbundle; includeInIndex = 0; path = hellocolorTests.xctest; sourceTree = BUILT_PRODUCTS_DIR; };
		CB4288A22BB58D340012E29B /* hellocolorUITests.xctest */ = {isa = PBXFileReference; explicitFileType = wrapper.cfbundle; includeInIndex = 0; path = hellocolorUITests.xctest; sourceTree = BUILT_PRODUCTS_DIR; };
		CBBC09A12BBF4ABB008B9D5B /* Color.swift */ = {isa = PBXFileReference; fileEncoding = 4; lastKnownFileType = sourcecode.swift; path = Color.swift; sourceTree = "<group>"; };
		CBBC09A22BBF4ABB008B9D5B /* Text.swift */ = {isa = PBXFileReference; fileEncoding = 4; lastKnownFileType = sourcecode.swift; path = Text.swift; sourceTree = "<group>"; };
		CBBC09A42BBF4ABB008B9D5B /* ColorRepository.swift */ = {isa = PBXFileReference; fileEncoding = 4; lastKnownFileType = sourcecode.swift; path = ColorRepository.swift; sourceTree = "<group>"; };
		CBBC09A62BBF4ABB008B9D5B /* ColorStyle.swift */ = {isa = PBXFileReference; fileEncoding = 4; lastKnownFileType = sourcecode.swift; path = ColorStyle.swift; sourceTree = "<group>"; };
		CBBC09A72BBF4ABB008B9D5B /* Style.swift */ = {isa = PBXFileReference; fileEncoding = 4; lastKnownFileType = sourcecode.swift; path = Style.swift; sourceTree = "<group>"; };
		CBBC09A92BBF4ABB008B9D5B /* Preview Assets.xcassets */ = {isa = PBXFileReference; lastKnownFileType = folder.assetcatalog; path = "Preview Assets.xcassets"; sourceTree = "<group>"; };
		CBBC09AB2BBF4ABB008B9D5B /* ColorService.swift */ = {isa = PBXFileReference; fileEncoding = 4; lastKnownFileType = sourcecode.swift; path = ColorService.swift; sourceTree = "<group>"; };
		CBBC09AD2BBF4ABB008B9D5B /* PalleteCellView.swift */ = {isa = PBXFileReference; fileEncoding = 4; lastKnownFileType = sourcecode.swift; path = PalleteCellView.swift; sourceTree = "<group>"; };
		CBBC09AE2BBF4ABB008B9D5B /* PalleteView.swift */ = {isa = PBXFileReference; fileEncoding = 4; lastKnownFileType = sourcecode.swift; path = PalleteView.swift; sourceTree = "<group>"; };
		CBBC09B02BBF4ABB008B9D5B /* ColorView.swift */ = {isa = PBXFileReference; fileEncoding = 4; lastKnownFileType = sourcecode.swift; path = ColorView.swift; sourceTree = "<group>"; };
		CBBC09B12BBF4ABB008B9D5B /* HomeView.swift */ = {isa = PBXFileReference; fileEncoding = 4; lastKnownFileType = sourcecode.swift; path = HomeView.swift; sourceTree = "<group>"; };
		CBBC09B32BBF4ABB008B9D5B /* HomeViewModel.swift */ = {isa = PBXFileReference; fileEncoding = 4; lastKnownFileType = sourcecode.swift; path = HomeViewModel.swift; sourceTree = "<group>"; };
		CBBC09B52BBF4ABB008B9D5B /* Assets.xcassets */ = {isa = PBXFileReference; lastKnownFileType = folder.assetcatalog; path = Assets.xcassets; sourceTree = "<group>"; };
		CBBC09B62BBF4ABB008B9D5B /* Color_ClocksApp.swift */ = {isa = PBXFileReference; fileEncoding = 4; lastKnownFileType = sourcecode.swift; path = Color_ClocksApp.swift; sourceTree = "<group>"; };
/* End PBXFileReference section */

/* Begin PBXFrameworksBuildPhase section */
		CB4288852BB58D300012E29B /* Frameworks */ = {
			isa = PBXFrameworksBuildPhase;
			buildActionMask = 2147483647;
			files = (
			);
			runOnlyForDeploymentPostprocessing = 0;
		};
		CB4288952BB58D340012E29B /* Frameworks */ = {
			isa = PBXFrameworksBuildPhase;
			buildActionMask = 2147483647;
			files = (
			);
			runOnlyForDeploymentPostprocessing = 0;
		};
		CB42889F2BB58D340012E29B /* Frameworks */ = {
			isa = PBXFrameworksBuildPhase;
			buildActionMask = 2147483647;
			files = (
			);
			runOnlyForDeploymentPostprocessing = 0;
		};
/* End PBXFrameworksBuildPhase section */

/* Begin PBXGroup section */
		CB42887F2BB58D300012E29B = {
			isa = PBXGroup;
			children = (
				CBBC09B72BBF4ABB008B9D5B /* hellocolor */,
				CB4288892BB58D300012E29B /* Products */,
			);
			sourceTree = "<group>";
		};
		CB4288892BB58D300012E29B /* Products */ = {
			isa = PBXGroup;
			children = (
				CB4288882BB58D300012E29B /* hellocolor.app */,
				CB4288982BB58D340012E29B /* hellocolorTests.xctest */,
				CB4288A22BB58D340012E29B /* hellocolorUITests.xctest */,
			);
			name = Products;
			sourceTree = "<group>";
		};
		CBBC09A32BBF4ABB008B9D5B /* Extension */ = {
			isa = PBXGroup;
			children = (
				CBBC09A12BBF4ABB008B9D5B /* Color.swift */,
				CBBC09A22BBF4ABB008B9D5B /* Text.swift */,
			);
			path = Extension;
			sourceTree = "<group>";
		};
		CBBC09A52BBF4ABB008B9D5B /* Helpers */ = {
			isa = PBXGroup;
			children = (
				CBBC09A42BBF4ABB008B9D5B /* ColorRepository.swift */,
			);
			path = Helpers;
			sourceTree = "<group>";
		};
		CBBC09A82BBF4ABB008B9D5B /* Model */ = {
			isa = PBXGroup;
			children = (
				CBBC09A62BBF4ABB008B9D5B /* ColorStyle.swift */,
				CBBC09A72BBF4ABB008B9D5B /* Style.swift */,
			);
			path = Model;
			sourceTree = "<group>";
		};
		CBBC09AA2BBF4ABB008B9D5B /* Preview Content */ = {
			isa = PBXGroup;
			children = (
				CBBC09A92BBF4ABB008B9D5B /* Preview Assets.xcassets */,
			);
			path = "Preview Content";
			sourceTree = "<group>";
		};
		CBBC09AC2BBF4ABB008B9D5B /* Service */ = {
			isa = PBXGroup;
			children = (
				CBBC09AB2BBF4ABB008B9D5B /* ColorService.swift */,
			);
			path = Service;
			sourceTree = "<group>";
		};
		CBBC09AF2BBF4ABB008B9D5B /* Components */ = {
			isa = PBXGroup;
			children = (
				CBBC09AD2BBF4ABB008B9D5B /* PalleteCellView.swift */,
				CBBC09AE2BBF4ABB008B9D5B /* PalleteView.swift */,
			);
			path = Components;
			sourceTree = "<group>";
		};
		CBBC09B22BBF4ABB008B9D5B /* View */ = {
			isa = PBXGroup;
			children = (
				CBBC09AF2BBF4ABB008B9D5B /* Components */,
				CBBC09B02BBF4ABB008B9D5B /* ColorView.swift */,
				CBBC09B12BBF4ABB008B9D5B /* HomeView.swift */,
			);
			path = View;
			sourceTree = "<group>";
		};
		CBBC09B42BBF4ABB008B9D5B /* View Model */ = {
			isa = PBXGroup;
			children = (
				CBBC09B32BBF4ABB008B9D5B /* HomeViewModel.swift */,
			);
			path = "View Model";
			sourceTree = "<group>";
		};
		CBBC09B72BBF4ABB008B9D5B /* hellocolor */ = {
			isa = PBXGroup;
			children = (
				CBBC09A32BBF4ABB008B9D5B /* Extension */,
				CBBC09A52BBF4ABB008B9D5B /* Helpers */,
				CBBC09A82BBF4ABB008B9D5B /* Model */,
				CBBC09AA2BBF4ABB008B9D5B /* Preview Content */,
				CBBC09AC2BBF4ABB008B9D5B /* Service */,
				CBBC09B22BBF4ABB008B9D5B /* View */,
				CBBC09B42BBF4ABB008B9D5B /* View Model */,
				CBBC09B52BBF4ABB008B9D5B /* Assets.xcassets */,
				CBBC09B62BBF4ABB008B9D5B /* Color_ClocksApp.swift */,
			);
			path = hellocolor;
			sourceTree = "<group>";
		};
/* End PBXGroup section */

/* Begin PBXNativeTarget section */
		CB4288872BB58D300012E29B /* hellocolor */ = {
			isa = PBXNativeTarget;
			buildConfigurationList = CB4288AC2BB58D340012E29B /* Build configuration list for PBXNativeTarget "hellocolor" */;
			buildPhases = (
				CB4288842BB58D300012E29B /* Sources */,
				CB4288852BB58D300012E29B /* Frameworks */,
				CB4288862BB58D300012E29B /* Resources */,
			);
			buildRules = (
			);
			dependencies = (
			);
			name = hellocolor;
			productName = "Color Clocks";
			productReference = CB4288882BB58D300012E29B /* hellocolor.app */;
			productType = "com.apple.product-type.application";
		};
		CB4288972BB58D340012E29B /* hellocolorTests */ = {
			isa = PBXNativeTarget;
			buildConfigurationList = CB4288AF2BB58D340012E29B /* Build configuration list for PBXNativeTarget "hellocolorTests" */;
			buildPhases = (
				CB4288942BB58D340012E29B /* Sources */,
				CB4288952BB58D340012E29B /* Frameworks */,
				CB4288962BB58D340012E29B /* Resources */,
			);
			buildRules = (
			);
			dependencies = (
				CB42889A2BB58D340012E29B /* PBXTargetDependency */,
			);
			name = hellocolorTests;
			productName = "Color ClocksTests";
			productReference = CB4288982BB58D340012E29B /* hellocolorTests.xctest */;
			productType = "com.apple.product-type.bundle.unit-test";
		};
		CB4288A12BB58D340012E29B /* hellocolorUITests */ = {
			isa = PBXNativeTarget;
			buildConfigurationList = CB4288B22BB58D340012E29B /* Build configuration list for PBXNativeTarget "hellocolorUITests" */;
			buildPhases = (
				CB42889E2BB58D340012E29B /* Sources */,
				CB42889F2BB58D340012E29B /* Frameworks */,
				CB4288A02BB58D340012E29B /* Resources */,
			);
			buildRules = (
			);
			dependencies = (
				CB4288A42BB58D340012E29B /* PBXTargetDependency */,
			);
			name = hellocolorUITests;
			productName = "Color ClocksUITests";
			productReference = CB4288A22BB58D340012E29B /* hellocolorUITests.xctest */;
			productType = "com.apple.product-type.bundle.ui-testing";
		};
/* End PBXNativeTarget section */

/* Begin PBXProject section */
		CB4288802BB58D300012E29B /* Project object */ = {
			isa = PBXProject;
			attributes = {
				BuildIndependentTargetsInParallel = 1;
				LastSwiftUpdateCheck = 1530;
				LastUpgradeCheck = 1530;
				TargetAttributes = {
					CB4288872BB58D300012E29B = {
						CreatedOnToolsVersion = 15.3;
					};
					CB4288972BB58D340012E29B = {
						CreatedOnToolsVersion = 15.3;
						TestTargetID = CB4288872BB58D300012E29B;
					};
					CB4288A12BB58D340012E29B = {
						CreatedOnToolsVersion = 15.3;
						TestTargetID = CB4288872BB58D300012E29B;
					};
				};
			};
			buildConfigurationList = CB4288832BB58D300012E29B /* Build configuration list for PBXProject "hellocolor" */;
			compatibilityVersion = "Xcode 14.0";
			developmentRegion = en;
			hasScannedForEncodings = 0;
			knownRegions = (
				en,
				Base,
			);
			mainGroup = CB42887F2BB58D300012E29B;
			productRefGroup = CB4288892BB58D300012E29B /* Products */;
			projectDirPath = "";
			projectRoot = "";
			targets = (
				CB4288872BB58D300012E29B /* hellocolor */,
				CB4288972BB58D340012E29B /* hellocolorTests */,
				CB4288A12BB58D340012E29B /* hellocolorUITests */,
			);
		};
/* End PBXProject section */

/* Begin PBXResourcesBuildPhase section */
		CB4288862BB58D300012E29B /* Resources */ = {
			isa = PBXResourcesBuildPhase;
			buildActionMask = 2147483647;
			files = (
				CBBC09BD2BBF4ABB008B9D5B /* Preview Assets.xcassets in Resources */,
				CBBC09C42BBF4ABB008B9D5B /* Assets.xcassets in Resources */,
			);
			runOnlyForDeploymentPostprocessing = 0;
		};
		CB4288962BB58D340012E29B /* Resources */ = {
			isa = PBXResourcesBuildPhase;
			buildActionMask = 2147483647;
			files = (
			);
			runOnlyForDeploymentPostprocessing = 0;
		};
		CB4288A02BB58D340012E29B /* Resources */ = {
			isa = PBXResourcesBuildPhase;
			buildActionMask = 2147483647;
			files = (
			);
			runOnlyForDeploymentPostprocessing = 0;
		};
/* End PBXResourcesBuildPhase section */

/* Begin PBXSourcesBuildPhase section */
		CB4288842BB58D300012E29B /* Sources */ = {
			isa = PBXSourcesBuildPhase;
			buildActionMask = 2147483647;
			files = (
				CBBC09BE2BBF4ABB008B9D5B /* ColorService.swift in Sources */,
				CBBC09BA2BBF4ABB008B9D5B /* ColorRepository.swift in Sources */,
				CBBC09C32BBF4ABB008B9D5B /* HomeViewModel.swift in Sources */,
				CBBC09C22BBF4ABB008B9D5B /* HomeView.swift in Sources */,
				CBBC09B82BBF4ABB008B9D5B /* Color.swift in Sources */,
				CBBC09BF2BBF4ABB008B9D5B /* PalleteCellView.swift in Sources */,
				CBBC09C12BBF4ABB008B9D5B /* ColorView.swift in Sources */,
				CBBC09BB2BBF4ABB008B9D5B /* ColorStyle.swift in Sources */,
				CBBC09C02BBF4ABB008B9D5B /* PalleteView.swift in Sources */,
				CBBC09B92BBF4ABB008B9D5B /* Text.swift in Sources */,
				CBBC09BC2BBF4ABB008B9D5B /* Style.swift in Sources */,
				CBBC09C52BBF4ABB008B9D5B /* Color_ClocksApp.swift in Sources */,
			);
			runOnlyForDeploymentPostprocessing = 0;
		};
		CB4288942BB58D340012E29B /* Sources */ = {
			isa = PBXSourcesBuildPhase;
			buildActionMask = 2147483647;
			files = (
			);
			runOnlyForDeploymentPostprocessing = 0;
		};
		CB42889E2BB58D340012E29B /* Sources */ = {
			isa = PBXSourcesBuildPhase;
			buildActionMask = 2147483647;
			files = (
			);
			runOnlyForDeploymentPostprocessing = 0;
		};
/* End PBXSourcesBuildPhase section */

/* Begin PBXTargetDependency section */
		CB42889A2BB58D340012E29B /* PBXTargetDependency */ = {
			isa = PBXTargetDependency;
			target = CB4288872BB58D300012E29B /* hellocolor */;
			targetProxy = CB4288992BB58D340012E29B /* PBXContainerItemProxy */;
		};
		CB4288A42BB58D340012E29B /* PBXTargetDependency */ = {
			isa = PBXTargetDependency;
			target = CB4288872BB58D300012E29B /* hellocolor */;
			targetProxy = CB4288A32BB58D340012E29B /* PBXContainerItemProxy */;
		};
/* End PBXTargetDependency section */

/* Begin XCBuildConfiguration section */
		CB4288AA2BB58D340012E29B /* Debug */ = {
			isa = XCBuildConfiguration;
			buildSettings = {
				ALWAYS_SEARCH_USER_PATHS = NO;
				ASSETCATALOG_COMPILER_GENERATE_SWIFT_ASSET_SYMBOL_EXTENSIONS = YES;
				CLANG_ANALYZER_NONNULL = YES;
				CLANG_ANALYZER_NUMBER_OBJECT_CONVERSION = YES_AGGRESSIVE;
				CLANG_CXX_LANGUAGE_STANDARD = "gnu++20";
				CLANG_ENABLE_MODULES = YES;
				CLANG_ENABLE_OBJC_ARC = YES;
				CLANG_ENABLE_OBJC_WEAK = YES;
				CLANG_WARN_BLOCK_CAPTURE_AUTORELEASING = YES;
				CLANG_WARN_BOOL_CONVERSION = YES;
				CLANG_WARN_COMMA = YES;
				CLANG_WARN_CONSTANT_CONVERSION = YES;
				CLANG_WARN_DEPRECATED_OBJC_IMPLEMENTATIONS = YES;
				CLANG_WARN_DIRECT_OBJC_ISA_USAGE = YES_ERROR;
				CLANG_WARN_DOCUMENTATION_COMMENTS = YES;
				CLANG_WARN_EMPTY_BODY = YES;
				CLANG_WARN_ENUM_CONVERSION = YES;
				CLANG_WARN_INFINITE_RECURSION = YES;
				CLANG_WARN_INT_CONVERSION = YES;
				CLANG_WARN_NON_LITERAL_NULL_CONVERSION = YES;
				CLANG_WARN_OBJC_IMPLICIT_RETAIN_SELF = YES;
				CLANG_WARN_OBJC_LITERAL_CONVERSION = YES;
				CLANG_WARN_OBJC_ROOT_CLASS = YES_ERROR;
				CLANG_WARN_QUOTED_INCLUDE_IN_FRAMEWORK_HEADER = YES;
				CLANG_WARN_RANGE_LOOP_ANALYSIS = YES;
				CLANG_WARN_STRICT_PROTOTYPES = YES;
				CLANG_WARN_SUSPICIOUS_MOVE = YES;
				CLANG_WARN_UNGUARDED_AVAILABILITY = YES_AGGRESSIVE;
				CLANG_WARN_UNREACHABLE_CODE = YES;
				CLANG_WARN__DUPLICATE_METHOD_MATCH = YES;
				COPY_PHASE_STRIP = NO;
				DEBUG_INFORMATION_FORMAT = dwarf;
				ENABLE_STRICT_OBJC_MSGSEND = YES;
				ENABLE_TESTABILITY = YES;
				ENABLE_USER_SCRIPT_SANDBOXING = YES;
				GCC_C_LANGUAGE_STANDARD = gnu17;
				GCC_DYNAMIC_NO_PIC = NO;
				GCC_NO_COMMON_BLOCKS = YES;
				GCC_OPTIMIZATION_LEVEL = 0;
				GCC_PREPROCESSOR_DEFINITIONS = (
					"DEBUG=1",
					"$(inherited)",
				);
				GCC_WARN_64_TO_32_BIT_CONVERSION = YES;
				GCC_WARN_ABOUT_RETURN_TYPE = YES_ERROR;
				GCC_WARN_UNDECLARED_SELECTOR = YES;
				GCC_WARN_UNINITIALIZED_AUTOS = YES_AGGRESSIVE;
				GCC_WARN_UNUSED_FUNCTION = YES;
				GCC_WARN_UNUSED_VARIABLE = YES;
				IPHONEOS_DEPLOYMENT_TARGET = 17.4;
				LOCALIZATION_PREFERS_STRING_CATALOGS = YES;
				MTL_ENABLE_DEBUG_INFO = INCLUDE_SOURCE;
				MTL_FAST_MATH = YES;
				ONLY_ACTIVE_ARCH = YES;
				SDKROOT = iphoneos;
				SWIFT_ACTIVE_COMPILATION_CONDITIONS = "DEBUG $(inherited)";
				SWIFT_OPTIMIZATION_LEVEL = "-Onone";
			};
			name = Debug;
		};
		CB4288AB2BB58D340012E29B /* Release */ = {
			isa = XCBuildConfiguration;
			buildSettings = {
				ALWAYS_SEARCH_USER_PATHS = NO;
				ASSETCATALOG_COMPILER_GENERATE_SWIFT_ASSET_SYMBOL_EXTENSIONS = YES;
				CLANG_ANALYZER_NONNULL = YES;
				CLANG_ANALYZER_NUMBER_OBJECT_CONVERSION = YES_AGGRESSIVE;
				CLANG_CXX_LANGUAGE_STANDARD = "gnu++20";
				CLANG_ENABLE_MODULES = YES;
				CLANG_ENABLE_OBJC_ARC = YES;
				CLANG_ENABLE_OBJC_WEAK = YES;
				CLANG_WARN_BLOCK_CAPTURE_AUTORELEASING = YES;
				CLANG_WARN_BOOL_CONVERSION = YES;
				CLANG_WARN_COMMA = YES;
				CLANG_WARN_CONSTANT_CONVERSION = YES;
				CLANG_WARN_DEPRECATED_OBJC_IMPLEMENTATIONS = YES;
				CLANG_WARN_DIRECT_OBJC_ISA_USAGE = YES_ERROR;
				CLANG_WARN_DOCUMENTATION_COMMENTS = YES;
				CLANG_WARN_EMPTY_BODY = YES;
				CLANG_WARN_ENUM_CONVERSION = YES;
				CLANG_WARN_INFINITE_RECURSION = YES;
				CLANG_WARN_INT_CONVERSION = YES;
				CLANG_WARN_NON_LITERAL_NULL_CONVERSION = YES;
				CLANG_WARN_OBJC_IMPLICIT_RETAIN_SELF = YES;
				CLANG_WARN_OBJC_LITERAL_CONVERSION = YES;
				CLANG_WARN_OBJC_ROOT_CLASS = YES_ERROR;
				CLANG_WARN_QUOTED_INCLUDE_IN_FRAMEWORK_HEADER = YES;
				CLANG_WARN_RANGE_LOOP_ANALYSIS = YES;
				CLANG_WARN_STRICT_PROTOTYPES = YES;
				CLANG_WARN_SUSPICIOUS_MOVE = YES;
				CLANG_WARN_UNGUARDED_AVAILABILITY = YES_AGGRESSIVE;
				CLANG_WARN_UNREACHABLE_CODE = YES;
				CLANG_WARN__DUPLICATE_METHOD_MATCH = YES;
				COPY_PHASE_STRIP = NO;
				DEBUG_INFORMATION_FORMAT = "dwarf-with-dsym";
				ENABLE_NS_ASSERTIONS = NO;
				ENABLE_STRICT_OBJC_MSGSEND = YES;
				ENABLE_USER_SCRIPT_SANDBOXING = YES;
				GCC_C_LANGUAGE_STANDARD = gnu17;
				GCC_NO_COMMON_BLOCKS = YES;
				GCC_WARN_64_TO_32_BIT_CONVERSION = YES;
				GCC_WARN_ABOUT_RETURN_TYPE = YES_ERROR;
				GCC_WARN_UNDECLARED_SELECTOR = YES;
				GCC_WARN_UNINITIALIZED_AUTOS = YES_AGGRESSIVE;
				GCC_WARN_UNUSED_FUNCTION = YES;
				GCC_WARN_UNUSED_VARIABLE = YES;
				IPHONEOS_DEPLOYMENT_TARGET = 17.4;
				LOCALIZATION_PREFERS_STRING_CATALOGS = YES;
				MTL_ENABLE_DEBUG_INFO = NO;
				MTL_FAST_MATH = YES;
				SDKROOT = iphoneos;
				SWIFT_COMPILATION_MODE = wholemodule;
				VALIDATE_PRODUCT = YES;
			};
			name = Release;
		};
		CB4288AD2BB58D340012E29B /* Debug */ = {
			isa = XCBuildConfiguration;
			buildSettings = {
				ASSETCATALOG_COMPILER_APPICON_NAME = AppIcon;
				ASSETCATALOG_COMPILER_GLOBAL_ACCENT_COLOR_NAME = AccentColor;
				CODE_SIGN_STYLE = Automatic;
				CURRENT_PROJECT_VERSION = 1;
				DEVELOPMENT_ASSET_PATHS = "\"hellocolor/Preview Content\"";
				DEVELOPMENT_TEAM = "";
				ENABLE_PREVIEWS = YES;
				GENERATE_INFOPLIST_FILE = YES;
				INFOPLIST_KEY_CFBundleDisplayName = "Hello Color";
				INFOPLIST_KEY_UIApplicationSceneManifest_Generation = YES;
				INFOPLIST_KEY_UIApplicationSupportsIndirectInputEvents = YES;
				INFOPLIST_KEY_UILaunchScreen_Generation = YES;
				INFOPLIST_KEY_UISupportedInterfaceOrientations_iPad = "UIInterfaceOrientationPortrait UIInterfaceOrientationPortraitUpsideDown UIInterfaceOrientationLandscapeLeft UIInterfaceOrientationLandscapeRight";
				INFOPLIST_KEY_UISupportedInterfaceOrientations_iPhone = "UIInterfaceOrientationPortrait UIInterfaceOrientationLandscapeLeft UIInterfaceOrientationLandscapeRight";
				IPHONEOS_DEPLOYMENT_TARGET = 17.0;
				LD_RUNPATH_SEARCH_PATHS = (
					"$(inherited)",
					"@executable_path/Frameworks",
				);
				MARKETING_VERSION = 1.0;
				PRODUCT_BUNDLE_IDENTIFIER = joshbeck.hellocolor;
				PRODUCT_NAME = "$(TARGET_NAME)";
				SWIFT_EMIT_LOC_STRINGS = YES;
				SWIFT_VERSION = 5.0;
				TARGETED_DEVICE_FAMILY = "1,2";
			};
			name = Debug;
		};
		CB4288AE2BB58D340012E29B /* Release */ = {
			isa = XCBuildConfiguration;
			buildSettings = {
				ASSETCATALOG_COMPILER_APPICON_NAME = AppIcon;
				ASSETCATALOG_COMPILER_GLOBAL_ACCENT_COLOR_NAME = AccentColor;
				CODE_SIGN_STYLE = Automatic;
				CURRENT_PROJECT_VERSION = 1;
				DEVELOPMENT_ASSET_PATHS = "\"hellocolor/Preview Content\"";
				DEVELOPMENT_TEAM = "";
				ENABLE_PREVIEWS = YES;
				GENERATE_INFOPLIST_FILE = YES;
				INFOPLIST_KEY_CFBundleDisplayName = "Hello Color";
				INFOPLIST_KEY_UIApplicationSceneManifest_Generation = YES;
				INFOPLIST_KEY_UIApplicationSupportsIndirectInputEvents = YES;
				INFOPLIST_KEY_UILaunchScreen_Generation = YES;
				INFOPLIST_KEY_UISupportedInterfaceOrientations_iPad = "UIInterfaceOrientationPortrait UIInterfaceOrientationPortraitUpsideDown UIInterfaceOrientationLandscapeLeft UIInterfaceOrientationLandscapeRight";
				INFOPLIST_KEY_UISupportedInterfaceOrientations_iPhone = "UIInterfaceOrientationPortrait UIInterfaceOrientationLandscapeLeft UIInterfaceOrientationLandscapeRight";
				IPHONEOS_DEPLOYMENT_TARGET = 17.0;
				LD_RUNPATH_SEARCH_PATHS = (
					"$(inherited)",
					"@executable_path/Frameworks",
				);
				MARKETING_VERSION = 1.0;
				PRODUCT_BUNDLE_IDENTIFIER = joshbeck.hellocolor;
				PRODUCT_NAME = "$(TARGET_NAME)";
				SWIFT_EMIT_LOC_STRINGS = YES;
				SWIFT_VERSION = 5.0;
				TARGETED_DEVICE_FAMILY = "1,2";
			};
			name = Release;
		};
		CB4288B02BB58D340012E29B /* Debug */ = {
			isa = XCBuildConfiguration;
			buildSettings = {
				ALWAYS_EMBED_SWIFT_STANDARD_LIBRARIES = YES;
				BUNDLE_LOADER = "$(TEST_HOST)";
				CODE_SIGN_STYLE = Automatic;
				CURRENT_PROJECT_VERSION = 1;
				DEVELOPMENT_TEAM = 4PAFAH6Y46;
				GENERATE_INFOPLIST_FILE = YES;
				IPHONEOS_DEPLOYMENT_TARGET = 17.4;
				MARKETING_VERSION = 1.0;
				PRODUCT_BUNDLE_IDENTIFIER = "JoshBeck.Color-ClocksTests";
				PRODUCT_NAME = "$(TARGET_NAME)";
				SWIFT_EMIT_LOC_STRINGS = NO;
				SWIFT_VERSION = 5.0;
				TARGETED_DEVICE_FAMILY = "1,2";
				TEST_HOST = "$(BUILT_PRODUCTS_DIR)/hellocolor.app/$(BUNDLE_EXECUTABLE_FOLDER_PATH)/hellocolor";
			};
			name = Debug;
		};
		CB4288B12BB58D340012E29B /* Release */ = {
			isa = XCBuildConfiguration;
			buildSettings = {
				ALWAYS_EMBED_SWIFT_STANDARD_LIBRARIES = YES;
				BUNDLE_LOADER = "$(TEST_HOST)";
				CODE_SIGN_STYLE = Automatic;
				CURRENT_PROJECT_VERSION = 1;
				DEVELOPMENT_TEAM = 4PAFAH6Y46;
				GENERATE_INFOPLIST_FILE = YES;
				IPHONEOS_DEPLOYMENT_TARGET = 17.4;
				MARKETING_VERSION = 1.0;
				PRODUCT_BUNDLE_IDENTIFIER = "JoshBeck.Color-ClocksTests";
				PRODUCT_NAME = "$(TARGET_NAME)";
				SWIFT_EMIT_LOC_STRINGS = NO;
				SWIFT_VERSION = 5.0;
				TARGETED_DEVICE_FAMILY = "1,2";
				TEST_HOST = "$(BUILT_PRODUCTS_DIR)/hellocolor.app/$(BUNDLE_EXECUTABLE_FOLDER_PATH)/hellocolor";
			};
			name = Release;
		};
		CB4288B32BB58D340012E29B /* Debug */ = {
			isa = XCBuildConfiguration;
			buildSettings = {
				ALWAYS_EMBED_SWIFT_STANDARD_LIBRARIES = YES;
				CODE_SIGN_STYLE = Automatic;
				CURRENT_PROJECT_VERSION = 1;
				DEVELOPMENT_TEAM = 4PAFAH6Y46;
				GENERATE_INFOPLIST_FILE = YES;
				MARKETING_VERSION = 1.0;
				PRODUCT_BUNDLE_IDENTIFIER = "JoshBeck.Color-ClocksUITests";
				PRODUCT_NAME = "$(TARGET_NAME)";
				SWIFT_EMIT_LOC_STRINGS = NO;
				SWIFT_VERSION = 5.0;
				TARGETED_DEVICE_FAMILY = "1,2";
				TEST_TARGET_NAME = "Color Clocks";
			};
			name = Debug;
		};
		CB4288B42BB58D340012E29B /* Release */ = {
			isa = XCBuildConfiguration;
			buildSettings = {
				ALWAYS_EMBED_SWIFT_STANDARD_LIBRARIES = YES;
				CODE_SIGN_STYLE = Automatic;
				CURRENT_PROJECT_VERSION = 1;
				DEVELOPMENT_TEAM = 4PAFAH6Y46;
				GENERATE_INFOPLIST_FILE = YES;
				MARKETING_VERSION = 1.0;
				PRODUCT_BUNDLE_IDENTIFIER = "JoshBeck.Color-ClocksUITests";
				PRODUCT_NAME = "$(TARGET_NAME)";
				SWIFT_EMIT_LOC_STRINGS = NO;
				SWIFT_VERSION = 5.0;
				TARGETED_DEVICE_FAMILY = "1,2";
				TEST_TARGET_NAME = "Color Clocks";
			};
			name = Release;
		};
/* End XCBuildConfiguration section */

/* Begin XCConfigurationList section */
		CB4288832BB58D300012E29B /* Build configuration list for PBXProject "hellocolor" */ = {
			isa = XCConfigurationList;
			buildConfigurations = (
				CB4288AA2BB58D340012E29B /* Debug */,
				CB4288AB2BB58D340012E29B /* Release */,
			);
			defaultConfigurationIsVisible = 0;
			defaultConfigurationName = Release;
		};
		CB4288AC2BB58D340012E29B /* Build configuration list for PBXNativeTarget "hellocolor" */ = {
			isa = XCConfigurationList;
			buildConfigurations = (
				CB4288AD2BB58D340012E29B /* Debug */,
				CB4288AE2BB58D340012E29B /* Release */,
			);
			defaultConfigurationIsVisible = 0;
			defaultConfigurationName = Release;
		};
		CB4288AF2BB58D340012E29B /* Build configuration list for PBXNativeTarget "hellocolorTests" */ = {
			isa = XCConfigurationList;
			buildConfigurations = (
				CB4288B02BB58D340012E29B /* Debug */,
				CB4288B12BB58D340012E29B /* Release */,
			);
			defaultConfigurationIsVisible = 0;
			defaultConfigurationName = Release;
		};
		CB4288B22BB58D340012E29B /* Build configuration list for PBXNativeTarget "hellocolorUITests" */ = {
			isa = XCConfigurationList;
			buildConfigurations = (
				CB4288B32BB58D340012E29B /* Debug */,
				CB4288B42BB58D340012E29B /* Release */,
			);
			defaultConfigurationIsVisible = 0;
			defaultConfigurationName = Release;
		};
/* End XCConfigurationList section */
	};
	rootObject = CB4288802BB58D300012E29B /* Project object */;
}
